
Microsoft Visual Studio Solution File, Format Version 12.00
# Visual Studio Version 17
VisualStudioVersion = 17.0.31903.59
MinimumVisualStudioVersion = 10.0.40219.1
Project("{FAE04EC0-301F-11D3-BF4B-00C04F79EFBC}") = "mindforge.codificer", "Codificer\mindforge.codificer.csproj", "{DD6EA8E9-F883-41E0-B9DA-3422F3B01ED6}"
EndProject
Project("{2150E333-8FDC-42A3-9474-1A3956D46DE8}") = ".test", ".test", "{4F701E3D-F44E-49EA-83AA-ED262BB64E61}"
EndProject
Project("{FAE04EC0-301F-11D3-BF4B-00C04F79EFBC}") = "MindForge.Testing", ".test\MindForge.Testing\MindForge.Testing.csproj", "{5D446E10-C5EF-4728-8C70-598238FF345C}"
EndProject
Global
	GlobalSection(SolutionConfigurationPlatforms) = preSolution
		Debug|Any CPU = Debug|Any CPU
		Release|Any CPU = Release|Any CPU
	EndGlobalSection
	GlobalSection(SolutionProperties) = preSolution
		HideSolutionNode = FALSE
	EndGlobalSection
	GlobalSection(ProjectConfigurationPlatforms) = postSolution
		{DD6EA8E9-F883-41E0-B9DA-3422F3B01ED6}.Debug|Any CPU.ActiveCfg = Debug|Any CPU
		{DD6EA8E9-F883-41E0-B9DA-3422F3B01ED6}.Debug|Any CPU.Build.0 = Debug|Any CPU
		{DD6EA8E9-F883-41E0-B9DA-3422F3B01ED6}.Release|Any CPU.ActiveCfg = Release|Any CPU
		{DD6EA8E9-F883-41E0-B9DA-3422F3B01ED6}.Release|Any CPU.Build.0 = Release|Any CPU
		{5D446E10-C5EF-4728-8C70-598238FF345C}.Debug|Any CPU.ActiveCfg = Debug|Any CPU
		{5D446E10-C5EF-4728-8C70-598238FF345C}.Debug|Any CPU.Build.0 = Debug|Any CPU
		{5D446E10-C5EF-4728-8C70-598238FF345C}.Release|Any CPU.ActiveCfg = Release|Any CPU
		{5D446E10-C5EF-4728-8C70-598238FF345C}.Release|Any CPU.Build.0 = Release|Any CPU
	EndGlobalSection
	GlobalSection(NestedProjects) = preSolution
		{5D446E10-C5EF-4728-8C70-598238FF345C} = {4F701E3D-F44E-49EA-83AA-ED262BB64E61}
	EndGlobalSection
EndGlobal
